
Microsoft Visual Studio Solution File, Format Version 12.00
# Visual Studio Version 16
VisualStudioVersion = 16.0.30804.86
MinimumVisualStudioVersion = 15.0.26124.0
Project("{2150E333-8FDC-42A3-9474-1A3956D46DE8}") = "src", "src", "{E8B386D6-2AF0-47F2-A108-814DDEDEE5A1}"
EndProject
Project("{9A19103F-16F7-4668-BE54-9A1E7A4F7556}") = "AcUsuarios", "src\AcUsuarios\AcUsuarios.csproj", "{694A989C-78E2-4078-A3A8-6DC7B6A94603}"
EndProject
Project("{9A19103F-16F7-4668-BE54-9A1E7A4F7556}") = "DatabasaeManager", "src\DatabasaeManager\DatabasaeManager.csproj", "{5AB24653-CC93-4C36-A5EA-840E96D3FD89}"
EndProject
Project("{9A19103F-16F7-4668-BE54-9A1E7A4F7556}") = "Componentes", "src\LoginLib\Componentes.csproj", "{DF78C1DE-5EAF-4846-94DE-5945C7A3412F}"
EndProject
Global
	GlobalSection(SolutionConfigurationPlatforms) = preSolution
		Debug|Any CPU = Debug|Any CPU
		Debug|x64 = Debug|x64
		Debug|x86 = Debug|x86
		Release|Any CPU = Release|Any CPU
		Release|x64 = Release|x64
		Release|x86 = Release|x86
	EndGlobalSection
	GlobalSection(ProjectConfigurationPlatforms) = postSolution
		{694A989C-78E2-4078-A3A8-6DC7B6A94603}.Debug|Any CPU.ActiveCfg = Debug|Any CPU
		{694A989C-78E2-4078-A3A8-6DC7B6A94603}.Debug|Any CPU.Build.0 = Debug|Any CPU
		{694A989C-78E2-4078-A3A8-6DC7B6A94603}.Debug|x64.ActiveCfg = Debug|Any CPU
		{694A989C-78E2-4078-A3A8-6DC7B6A94603}.Debug|x64.Build.0 = Debug|Any CPU
		{694A989C-78E2-4078-A3A8-6DC7B6A94603}.Debug|x86.ActiveCfg = Debug|Any CPU
		{694A989C-78E2-4078-A3A8-6DC7B6A94603}.Debug|x86.Build.0 = Debug|Any CPU
		{694A989C-78E2-4078-A3A8-6DC7B6A94603}.Release|Any CPU.ActiveCfg = Release|Any CPU
		{694A989C-78E2-4078-A3A8-6DC7B6A94603}.Release|Any CPU.Build.0 = Release|Any CPU
		{694A989C-78E2-4078-A3A8-6DC7B6A94603}.Release|x64.ActiveCfg = Release|Any CPU
		{694A989C-78E2-4078-A3A8-6DC7B6A94603}.Release|x64.Build.0 = Release|Any CPU
		{694A989C-78E2-4078-A3A8-6DC7B6A94603}.Release|x86.ActiveCfg = Release|Any CPU
		{694A989C-78E2-4078-A3A8-6DC7B6A94603}.Release|x86.Build.0 = Release|Any CPU
		{5AB24653-CC93-4C36-A5EA-840E96D3FD89}.Debug|Any CPU.ActiveCfg = Debug|Any CPU
		{5AB24653-CC93-4C36-A5EA-840E96D3FD89}.Debug|Any CPU.Build.0 = Debug|Any CPU
		{5AB24653-CC93-4C36-A5EA-840E96D3FD89}.Debug|x64.ActiveCfg = Debug|Any CPU
		{5AB24653-CC93-4C36-A5EA-840E96D3FD89}.Debug|x64.Build.0 = Debug|Any CPU
		{5AB24653-CC93-4C36-A5EA-840E96D3FD89}.Debug|x86.ActiveCfg = Debug|Any CPU
		{5AB24653-CC93-4C36-A5EA-840E96D3FD89}.Debug|x86.Build.0 = Debug|Any CPU
		{5AB24653-CC93-4C36-A5EA-840E96D3FD89}.Release|Any CPU.ActiveCfg = Release|Any CPU
		{5AB24653-CC93-4C36-A5EA-840E96D3FD89}.Release|Any CPU.Build.0 = Release|Any CPU
		{5AB24653-CC93-4C36-A5EA-840E96D3FD89}.Release|x64.ActiveCfg = Release|Any CPU
		{5AB24653-CC93-4C36-A5EA-840E96D3FD89}.Release|x64.Build.0 = Release|Any CPU
		{5AB24653-CC93-4C36-A5EA-840E96D3FD89}.Release|x86.ActiveCfg = Release|Any CPU
		{5AB24653-CC93-4C36-A5EA-840E96D3FD89}.Release|x86.Build.0 = Release|Any CPU
		{DF78C1DE-5EAF-4846-94DE-5945C7A3412F}.Debug|Any CPU.ActiveCfg = Debug|Any CPU
		{DF78C1DE-5EAF-4846-94DE-5945C7A3412F}.Debug|Any CPU.Build.0 = Debug|Any CPU
		{DF78C1DE-5EAF-4846-94DE-5945C7A3412F}.Debug|x64.ActiveCfg = Debug|Any CPU
		{DF78C1DE-5EAF-4846-94DE-5945C7A3412F}.Debug|x64.Build.0 = Debug|Any CPU
		{DF78C1DE-5EAF-4846-94DE-5945C7A3412F}.Debug|x86.ActiveCfg = Debug|Any CPU
		{DF78C1DE-5EAF-4846-94DE-5945C7A3412F}.Debug|x86.Build.0 = Debug|Any CPU
		{DF78C1DE-5EAF-4846-94DE-5945C7A3412F}.Release|Any CPU.ActiveCfg = Release|Any CPU
		{DF78C1DE-5EAF-4846-94DE-5945C7A3412F}.Release|Any CPU.Build.0 = Release|Any CPU
		{DF78C1DE-5EAF-4846-94DE-5945C7A3412F}.Release|x64.ActiveCfg = Release|Any CPU
		{DF78C1DE-5EAF-4846-94DE-5945C7A3412F}.Release|x64.Build.0 = Release|Any CPU
		{DF78C1DE-5EAF-4846-94DE-5945C7A3412F}.Release|x86.ActiveCfg = Release|Any CPU
		{DF78C1DE-5EAF-4846-94DE-5945C7A3412F}.Release|x86.Build.0 = Release|Any CPU
	EndGlobalSection
	GlobalSection(SolutionProperties) = preSolution
		HideSolutionNode = FALSE
	EndGlobalSection
	GlobalSection(NestedProjects) = preSolution
		{694A989C-78E2-4078-A3A8-6DC7B6A94603} = {E8B386D6-2AF0-47F2-A108-814DDEDEE5A1}
		{5AB24653-CC93-4C36-A5EA-840E96D3FD89} = {E8B386D6-2AF0-47F2-A108-814DDEDEE5A1}
		{DF78C1DE-5EAF-4846-94DE-5945C7A3412F} = {E8B386D6-2AF0-47F2-A108-814DDEDEE5A1}
	EndGlobalSection
	GlobalSection(ExtensibilityGlobals) = postSolution
		SolutionGuid = {41094CB4-632D-4B0E-8F04-2A275B195F60}
	EndGlobalSection
EndGlobal
